
Microsoft Visual Studio Solution File, Format Version 12.00
# Visual Studio Version 16
VisualStudioVersion = 16.0.31205.134
MinimumVisualStudioVersion = 10.0.40219.1
Project("{FAE04EC0-301F-11D3-BF4B-00C04F79EFBC}") = "AE1", "AE1\AE1.csproj", "{4F6C7C00-2ABA-4F9A-8CEE-2BA5FE4A38DC}"
EndProject
Project("{FAE04EC0-301F-11D3-BF4B-00C04F79EFBC}") = "AE2", "AE2\AE2.csproj", "{6F5D6995-D495-48A9-9584-8845E790C20C}"
EndProject
Global
	GlobalSection(SolutionConfigurationPlatforms) = preSolution
		Debug|Any CPU = Debug|Any CPU
		Release|Any CPU = Release|Any CPU
	EndGlobalSection
	GlobalSection(ProjectConfigurationPlatforms) = postSolution
		{4F6C7C00-2ABA-4F9A-8CEE-2BA5FE4A38DC}.Debug|Any CPU.ActiveCfg = Debug|Any CPU
		{4F6C7C00-2ABA-4F9A-8CEE-2BA5FE4A38DC}.Debug|Any CPU.Build.0 = Debug|Any CPU
		{4F6C7C00-2ABA-4F9A-8CEE-2BA5FE4A38DC}.Release|Any CPU.ActiveCfg = Release|Any CPU
		{4F6C7C00-2ABA-4F9A-8CEE-2BA5FE4A38DC}.Release|Any CPU.Build.0 = Release|Any CPU
		{6F5D6995-D495-48A9-9584-8845E790C20C}.Debug|Any CPU.ActiveCfg = Debug|Any CPU
		{6F5D6995-D495-48A9-9584-8845E790C20C}.Debug|Any CPU.Build.0 = Debug|Any CPU
		{6F5D6995-D495-48A9-9584-8845E790C20C}.Release|Any CPU.ActiveCfg = Release|Any CPU
		{6F5D6995-D495-48A9-9584-8845E790C20C}.Release|Any CPU.Build.0 = Release|Any CPU
	EndGlobalSection
	GlobalSection(SolutionProperties) = preSolution
		HideSolutionNode = FALSE
	EndGlobalSection
	GlobalSection(ExtensibilityGlobals) = postSolution
		SolutionGuid = {74CD76BE-926B-4756-803A-FF3CBB1D894A}
	EndGlobalSection
EndGlobal
